{
  "nodes": {
    "bashbrew-flake": {
      "inputs": {
        "nixpkgs": [
          "nixpkgs"
        ]
      },
      "locked": {
        "path": "./pkgs/bashbrew",
        "type": "path"
      },
      "original": {
        "path": "./pkgs/bashbrew",
        "type": "path"
      },
      "parent": []
    },
    "nixpkgs": {
      "locked": {
        "lastModified": 1755615617,
        "narHash": "sha256-HMwfAJBdrr8wXAkbGhtcby1zGFvs+StOp19xNsbqdOg=",
        "owner": "NixOS",
        "repo": "nixpkgs",
        "rev": "20075955deac2583bb12f07151c2df830ef346b4",
        "type": "github"
      },
      "original": {
        "owner": "NixOS",
        "ref": "nixos-unstable",
        "repo": "nixpkgs",
        "type": "github"
      }
    },
    "root": {
      "inputs": {
        "bashbrew-flake": "bashbrew-flake",
        "nixpkgs": "nixpkgs",
        "s6-cli-flake": "s6-cli-flake"
      }
    },
    "s6-cli-flake": {
      "inputs": {
        "nixpkgs": [
          "nixpkgs"
        ]
      },
      "locked": {
        "path": "./pkgs/s6-cli",
        "type": "path"
      },
      "original": {
        "path": "./pkgs/s6-cli",
        "type": "path"
      },
      "parent": []
    }
  },
  "root": "root",
  "version": 7
}
